
Microsoft Visual Studio Solution File, Format Version 12.00
# Visual Studio Version 16
VisualStudioVersion = 16.0.31205.134
MinimumVisualStudioVersion = 10.0.40219.1
Project("{FAE04EC0-301F-11D3-BF4B-00C04F79EFBC}") = "ERPSchoolAPI", "ERPSchoolAPI\ERPSchoolAPI.csproj", "{46F4F245-A10C-4477-BD33-B83FB3083D95}"
EndProject
Global
	GlobalSection(SolutionConfigurationPlatforms) = preSolution
		Debug|Any CPU = Debug|Any CPU
		Release|Any CPU = Release|Any CPU
	EndGlobalSection
	GlobalSection(ProjectConfigurationPlatforms) = postSolution
		{46F4F245-A10C-4477-BD33-B83FB3083D95}.Debug|Any CPU.ActiveCfg = Debug|Any CPU
		{46F4F245-A10C-4477-BD33-B83FB3083D95}.Debug|Any CPU.Build.0 = Debug|Any CPU
		{46F4F245-A10C-4477-BD33-B83FB3083D95}.Release|Any CPU.ActiveCfg = Release|Any CPU
		{46F4F245-A10C-4477-BD33-B83FB3083D95}.Release|Any CPU.Build.0 = Release|Any CPU
	EndGlobalSection
	GlobalSection(SolutionProperties) = preSolution
		HideSolutionNode = FALSE
	EndGlobalSection
	GlobalSection(ExtensibilityGlobals) = postSolution
		SolutionGuid = {3B2BC081-C232-4831-8DBE-A3C8C312E01E}
	EndGlobalSection
EndGlobal
